// !$*UTF8*$!
{
	archiveVersion = 1;
	classes = {
	};
	objectVersion = 50;
	objects = {

/* Begin PBXBuildFile section */
		A5E45BB2250BCCE00016F178 /* AppDelegate.swift in Sources */ = {isa = PBXBuildFile; fileRef = A5E45BB1250BCCE00016F178 /* AppDelegate.swift */; };
		A5E45BB4250BCCE00016F178 /* SceneDelegate.swift in Sources */ = {isa = PBXBuildFile; fileRef = A5E45BB3250BCCE00016F178 /* SceneDelegate.swift */; };
		A5E45BB6250BCCE00016F178 /* ViewController.swift in Sources */ = {isa = PBXBuildFile; fileRef = A5E45BB5250BCCE00016F178 /* ViewController.swift */; };
		A5E45BB9250BCCE00016F178 /* Main.storyboard in Resources */ = {isa = PBXBuildFile; fileRef = A5E45BB7250BCCE00016F178 /* Main.storyboard */; };
		A5E45BBB250BCCE20016F178 /* Assets.xcassets in Resources */ = {isa = PBXBuildFile; fileRef = A5E45BBA250BCCE20016F178 /* Assets.xcassets */; };
		A5E45BBE250BCCE20016F178 /* LaunchScreen.storyboard in Resources */ = {isa = PBXBuildFile; fileRef = A5E45BBC250BCCE20016F178 /* LaunchScreen.storyboard */; };
		F62814749608BE6AD0FA27F7 /* Pods_PreloadPageViewApproachDemo.framework in Frameworks */ = {isa = PBXBuildFile; fileRef = D3A297DD98003938148EE68D /* Pods_PreloadPageViewApproachDemo.framework */; };
/* End PBXBuildFile section */

/* Begin PBXFileReference section */
		1947B21BEDC3996DFF9EACF7 /* Pods-PreloadPageViewApproachDemo.release.xcconfig */ = {isa = PBXFileReference; includeInIndex = 1; lastKnownFileType = text.xcconfig; name = "Pods-PreloadPageViewApproachDemo.release.xcconfig"; path = "Target Support Files/Pods-PreloadPageViewApproachDemo/Pods-PreloadPageViewApproachDemo.release.xcconfig"; sourceTree = "<group>"; };
		A5E45BAE250BCCE00016F178 /* PreloadPageViewApproachDemo.app */ = {isa = PBXFileReference; explicitFileType = wrapper.application; includeInIndex = 0; path = PreloadPageViewApproachDemo.app; sourceTree = BUILT_PRODUCTS_DIR; };
		A5E45BB1250BCCE00016F178 /* AppDelegate.swift */ = {isa = PBXFileReference; lastKnownFileType = sourcecode.swift; path = AppDelegate.swift; sourceTree = "<group>"; };
		A5E45BB3250BCCE00016F178 /* SceneDelegate.swift */ = {isa = PBXFileReference; lastKnownFileType = sourcecode.swift; path = SceneDelegate.swift; sourceTree = "<group>"; };
		A5E45BB5250BCCE00016F178 /* ViewController.swift */ = {isa = PBXFileReference; lastKnownFileType = sourcecode.swift; path = ViewController.swift; sourceTree = "<group>"; };
		A5E45BB8250BCCE00016F178 /* Base */ = {isa = PBXFileReference; lastKnownFileType = file.storyboard; name = Base; path = Base.lproj/Main.storyboard; sourceTree = "<group>"; };
		A5E45BBA250BCCE20016F178 /* Assets.xcassets */ = {isa = PBXFileReference; lastKnownFileType = folder.assetcatalog; path = Assets.xcassets; sourceTree = "<group>"; };
		A5E45BBD250BCCE20016F178 /* Base */ = {isa = PBXFileReference; lastKnownFileType = file.storyboard; name = Base; path = Base.lproj/LaunchScreen.storyboard; sourceTree = "<group>"; };
		A5E45BBF250BCCE20016F178 /* Info.plist */ = {isa = PBXFileReference; lastKnownFileType = text.plist.xml; path = Info.plist; sourceTree = "<group>"; };
		D3A297DD98003938148EE68D /* Pods_PreloadPageViewApproachDemo.framework */ = {isa = PBXFileReference; explicitFileType = wrapper.framework; includeInIndex = 0; path = Pods_PreloadPageViewApproachDemo.framework; sourceTree = BUILT_PRODUCTS_DIR; };
		DBA626C11AF067D39ED3A612 /* Pods-PreloadPageViewApproachDemo.debug.xcconfig */ = {isa = PBXFileReference; includeInIndex = 1; lastKnownFileType = text.xcconfig; name = "Pods-PreloadPageViewApproachDemo.debug.xcconfig"; path = "Target Support Files/Pods-PreloadPageViewApproachDemo/Pods-PreloadPageViewApproachDemo.debug.xcconfig"; sourceTree = "<group>"; };
/* End PBXFileReference section */

/* Begin PBXFrameworksBuildPhase section */
		A5E45BAB250BCCE00016F178 /* Frameworks */ = {
			isa = PBXFrameworksBuildPhase;
			buildActionMask = 2147483647;
			files = (
				F62814749608BE6AD0FA27F7 /* Pods_PreloadPageViewApproachDemo.framework in Frameworks */,
			);
			runOnlyForDeploymentPostprocessing = 0;
		};
/* End PBXFrameworksBuildPhase section */

/* Begin PBXGroup section */
		029962B3B39E980A76EF73B5 /* Pods */ = {
			isa = PBXGroup;
			children = (
				DBA626C11AF067D39ED3A612 /* Pods-PreloadPageViewApproachDemo.debug.xcconfig */,
				1947B21BEDC3996DFF9EACF7 /* Pods-PreloadPageViewApproachDemo.release.xcconfig */,
			);
			name = Pods;
			path = Pods;
			sourceTree = "<group>";
		};
		A5E45BA5250BCCE00016F178 = {
			isa = PBXGroup;
			children = (
				A5E45BB0250BCCE00016F178 /* PreloadPageViewApproachDemo */,
				A5E45BAF250BCCE00016F178 /* Products */,
				029962B3B39E980A76EF73B5 /* Pods */,
				B8BDF332763E48CFB89FD39B /* Frameworks */,
			);
			sourceTree = "<group>";
		};
		A5E45BAF250BCCE00016F178 /* Products */ = {
			isa = PBXGroup;
			children = (
				A5E45BAE250BCCE00016F178 /* PreloadPageViewApproachDemo.app */,
			);
			name = Products;
			sourceTree = "<group>";
		};
		A5E45BB0250BCCE00016F178 /* PreloadPageViewApproachDemo */ = {
			isa = PBXGroup;
			children = (
				A5E45BC5250BCD390016F178 /* SubViewController */,
				A5E45BB1250BCCE00016F178 /* AppDelegate.swift */,
				A5E45BB3250BCCE00016F178 /* SceneDelegate.swift */,
				A5E45BB5250BCCE00016F178 /* ViewController.swift */,
				A5E45BB7250BCCE00016F178 /* Main.storyboard */,
				A5E45BBA250BCCE20016F178 /* Assets.xcassets */,
				A5E45BBC250BCCE20016F178 /* LaunchScreen.storyboard */,
				A5E45BBF250BCCE20016F178 /* Info.plist */,
			);
			path = PreloadPageViewApproachDemo;
			sourceTree = "<group>";
		};
		A5E45BC5250BCD390016F178 /* SubViewController */ = {
			isa = PBXGroup;
			children = (
			);
			path = SubViewController;
			sourceTree = "<group>";
		};
		B8BDF332763E48CFB89FD39B /* Frameworks */ = {
			isa = PBXGroup;
			children = (
				D3A297DD98003938148EE68D /* Pods_PreloadPageViewApproachDemo.framework */,
			);
			name = Frameworks;
			sourceTree = "<group>";
		};
/* End PBXGroup section */

/* Begin PBXNativeTarget section */
		A5E45BAD250BCCE00016F178 /* PreloadPageViewApproachDemo */ = {
			isa = PBXNativeTarget;
			buildConfigurationList = A5E45BC2250BCCE20016F178 /* Build configuration list for PBXNativeTarget "PreloadPageViewApproachDemo" */;
			buildPhases = (
				9E8C800B26AAA9190390B503 /* [CP] Check Pods Manifest.lock */,
				A5E45BAA250BCCE00016F178 /* Sources */,
				A5E45BAB250BCCE00016F178 /* Frameworks */,
				A5E45BAC250BCCE00016F178 /* Resources */,
				5C927457DEDB4A181F1E0D9D /* [CP] Embed Pods Frameworks */,
			);
			buildRules = (
			);
			dependencies = (
			);
			name = PreloadPageViewApproachDemo;
			productName = PreloadPageViewApproachDemo;
			productReference = A5E45BAE250BCCE00016F178 /* PreloadPageViewApproachDemo.app */;
			productType = "com.apple.product-type.application";
		};
/* End PBXNativeTarget section */

/* Begin PBXProject section */
		A5E45BA6250BCCE00016F178 /* Project object */ = {
			isa = PBXProject;
			attributes = {
				LastSwiftUpdateCheck = 1120;
				LastUpgradeCheck = 1120;
				ORGANIZATIONNAME = "Joshua Chang";
				TargetAttributes = {
					A5E45BAD250BCCE00016F178 = {
						CreatedOnToolsVersion = 11.2.1;
					};
				};
			};
			buildConfigurationList = A5E45BA9250BCCE00016F178 /* Build configuration list for PBXProject "PreloadPageViewApproachDemo" */;
			compatibilityVersion = "Xcode 9.3";
			developmentRegion = en;
			hasScannedForEncodings = 0;
			knownRegions = (
				en,
				Base,
			);
			mainGroup = A5E45BA5250BCCE00016F178;
			productRefGroup = A5E45BAF250BCCE00016F178 /* Products */;
			projectDirPath = "";
			projectRoot = "";
			targets = (
				A5E45BAD250BCCE00016F178 /* PreloadPageViewApproachDemo */,
			);
		};
/* End PBXProject section */

/* Begin PBXResourcesBuildPhase section */
		A5E45BAC250BCCE00016F178 /* Resources */ = {
			isa = PBXResourcesBuildPhase;
			buildActionMask = 2147483647;
			files = (
				A5E45BBE250BCCE20016F178 /* LaunchScreen.storyboard in Resources */,
				A5E45BBB250BCCE20016F178 /* Assets.xcassets in Resources */,
				A5E45BB9250BCCE00016F178 /* Main.storyboard in Resources */,
			);
			runOnlyForDeploymentPostprocessing = 0;
		};
/* End PBXResourcesBuildPhase section */

/* Begin PBXShellScriptBuildPhase section */
		5C927457DEDB4A181F1E0D9D /* [CP] Embed Pods Frameworks */ = {
			isa = PBXShellScriptBuildPhase;
			buildActionMask = 2147483647;
			files = (
			);
			inputFileListPaths = (
				"${PODS_ROOT}/Target Support Files/Pods-PreloadPageViewApproachDemo/Pods-PreloadPageViewApproachDemo-frameworks-${CONFIGURATION}-input-files.xcfilelist",
			);
			name = "[CP] Embed Pods Frameworks";
			outputFileListPaths = (
				"${PODS_ROOT}/Target Support Files/Pods-PreloadPageViewApproachDemo/Pods-PreloadPageViewApproachDemo-frameworks-${CONFIGURATION}-output-files.xcfilelist",
			);
			runOnlyForDeploymentPostprocessing = 0;
			shellPath = /bin/sh;
			shellScript = "\"${PODS_ROOT}/Target Support Files/Pods-PreloadPageViewApproachDemo/Pods-PreloadPageViewApproachDemo-frameworks.sh\"\n";
			showEnvVarsInLog = 0;
		};
		9E8C800B26AAA9190390B503 /* [CP] Check Pods Manifest.lock */ = {
			isa = PBXShellScriptBuildPhase;
			buildActionMask = 2147483647;
			files = (
			);
			inputFileListPaths = (
			);
			inputPaths = (
				"${PODS_PODFILE_DIR_PATH}/Podfile.lock",
				"${PODS_ROOT}/Manifest.lock",
			);
			name = "[CP] Check Pods Manifest.lock";
			outputFileListPaths = (
			);
			outputPaths = (
				"$(DERIVED_FILE_DIR)/Pods-PreloadPageViewApproachDemo-checkManifestLockResult.txt",
			);
			runOnlyForDeploymentPostprocessing = 0;
			shellPath = /bin/sh;
			shellScript = "diff \"${PODS_PODFILE_DIR_PATH}/Podfile.lock\" \"${PODS_ROOT}/Manifest.lock\" > /dev/null\nif [ $? != 0 ] ; then\n    # print error to STDERR\n    echo \"error: The sandbox is not in sync with the Podfile.lock. Run 'pod install' or update your CocoaPods installation.\" >&2\n    exit 1\nfi\n# This output is used by Xcode 'outputs' to avoid re-running this script phase.\necho \"SUCCESS\" > \"${SCRIPT_OUTPUT_FILE_0}\"\n";
			showEnvVarsInLog = 0;
		};
/* End PBXShellScriptBuildPhase section */

/* Begin PBXSourcesBuildPhase section */
		A5E45BAA250BCCE00016F178 /* Sources */ = {
			isa = PBXSourcesBuildPhase;
			buildActionMask = 2147483647;
			files = (
				A5E45BB6250BCCE00016F178 /* ViewController.swift in Sources */,
				A5E45BB2250BCCE00016F178 /* AppDelegate.swift in Sources */,
				A5E45BB4250BCCE00016F178 /* SceneDelegate.swift in Sources */,
			);
			runOnlyForDeploymentPostprocessing = 0;
		};
/* End PBXSourcesBuildPhase section */

/* Begin PBXVariantGroup section */
		A5E45BB7250BCCE00016F178 /* Main.storyboard */ = {
			isa = PBXVariantGroup;
			children = (
				A5E45BB8250BCCE00016F178 /* Base */,
			);
			name = Main.storyboard;
			sourceTree = "<group>";
		};
		A5E45BBC250BCCE20016F178 /* LaunchScreen.storyboard */ = {
			isa = PBXVariantGroup;
			children = (
				A5E45BBD250BCCE20016F178 /* Base */,
			);
			name = LaunchScreen.storyboard;
			sourceTree = "<group>";
		};
/* End PBXVariantGroup section */

/* Begin XCBuildConfiguration section */
		A5E45BC0250BCCE20016F178 /* Debug */ = {
			isa = XCBuildConfiguration;
			buildSettings = {
				ALWAYS_SEARCH_USER_PATHS = NO;
				CLANG_ANALYZER_NONNULL = YES;
				CLANG_ANALYZER_NUMBER_OBJECT_CONVERSION = YES_AGGRESSIVE;
				CLANG_CXX_LANGUAGE_STANDARD = "gnu++14";
				CLANG_CXX_LIBRARY = "libc++";
				CLANG_ENABLE_MODULES = YES;
				CLANG_ENABLE_OBJC_ARC = YES;
				CLANG_ENABLE_OBJC_WEAK = YES;
				CLANG_WARN_BLOCK_CAPTURE_AUTORELEASING = YES;
				CLANG_WARN_BOOL_CONVERSION = YES;
				CLANG_WARN_COMMA = YES;
				CLANG_WARN_CONSTANT_CONVERSION = YES;
				CLANG_WARN_DEPRECATED_OBJC_IMPLEMENTATIONS = YES;
				CLANG_WARN_DIRECT_OBJC_ISA_USAGE = YES_ERROR;
				CLANG_WARN_DOCUMENTATION_COMMENTS = YES;
				CLANG_WARN_EMPTY_BODY = YES;
				CLANG_WARN_ENUM_CONVERSION = YES;
				CLANG_WARN_INFINITE_RECURSION = YES;
				CLANG_WARN_INT_CONVERSION = YES;
				CLANG_WARN_NON_LITERAL_NULL_CONVERSION = YES;
				CLANG_WARN_OBJC_IMPLICIT_RETAIN_SELF = YES;
				CLANG_WARN_OBJC_LITERAL_CONVERSION = YES;
				CLANG_WARN_OBJC_ROOT_CLASS = YES_ERROR;
				CLANG_WARN_RANGE_LOOP_ANALYSIS = YES;
				CLANG_WARN_STRICT_PROTOTYPES = YES;
				CLANG_WARN_SUSPICIOUS_MOVE = YES;
				CLANG_WARN_UNGUARDED_AVAILABILITY = YES_AGGRESSIVE;
				CLANG_WARN_UNREACHABLE_CODE = YES;
				CLANG_WARN__DUPLICATE_METHOD_MATCH = YES;
				COPY_PHASE_STRIP = NO;
				DEBUG_INFORMATION_FORMAT = dwarf;
				ENABLE_STRICT_OBJC_MSGSEND = YES;
				ENABLE_TESTABILITY = YES;
				GCC_C_LANGUAGE_STANDARD = gnu11;
				GCC_DYNAMIC_NO_PIC = NO;
				GCC_NO_COMMON_BLOCKS = YES;
				GCC_OPTIMIZATION_LEVEL = 0;
				GCC_PREPROCESSOR_DEFINITIONS = (
					"DEBUG=1",
					"$(inherited)",
				);
				GCC_WARN_64_TO_32_BIT_CONVERSION = YES;
				GCC_WARN_ABOUT_RETURN_TYPE = YES_ERROR;
				GCC_WARN_UNDECLARED_SELECTOR = YES;
				GCC_WARN_UNINITIALIZED_AUTOS = YES_AGGRESSIVE;
				GCC_WARN_UNUSED_FUNCTION = YES;
				GCC_WARN_UNUSED_VARIABLE = YES;
				IPHONEOS_DEPLOYMENT_TARGET = 13.2;
				MTL_ENABLE_DEBUG_INFO = INCLUDE_SOURCE;
				MTL_FAST_MATH = YES;
				ONLY_ACTIVE_ARCH = YES;
				SDKROOT = iphoneos;
				SWIFT_ACTIVE_COMPILATION_CONDITIONS = DEBUG;
				SWIFT_OPTIMIZATION_LEVEL = "-Onone";
			};
			name = Debug;
		};
		A5E45BC1250BCCE20016F178 /* Release */ = {
			isa = XCBuildConfiguration;
			buildSettings = {
				ALWAYS_SEARCH_USER_PATHS = NO;
				CLANG_ANALYZER_NONNULL = YES;
				CLANG_ANALYZER_NUMBER_OBJECT_CONVERSION = YES_AGGRESSIVE;
				CLANG_CXX_LANGUAGE_STANDARD = "gnu++14";
				CLANG_CXX_LIBRARY = "libc++";
				CLANG_ENABLE_MODULES = YES;
				CLANG_ENABLE_OBJC_ARC = YES;
				CLANG_ENABLE_OBJC_WEAK = YES;
				CLANG_WARN_BLOCK_CAPTURE_AUTORELEASING = YES;
				CLANG_WARN_BOOL_CONVERSION = YES;
				CLANG_WARN_COMMA = YES;
				CLANG_WARN_CONSTANT_CONVERSION = YES;
				CLANG_WARN_DEPRECATED_OBJC_IMPLEMENTATIONS = YES;
				CLANG_WARN_DIRECT_OBJC_ISA_USAGE = YES_ERROR;
				CLANG_WARN_DOCUMENTATION_COMMENTS = YES;
				CLANG_WARN_EMPTY_BODY = YES;
				CLANG_WARN_ENUM_CONVERSION = YES;
				CLANG_WARN_INFINITE_RECURSION = YES;
				CLANG_WARN_INT_CONVERSION = YES;
				CLANG_WARN_NON_LITERAL_NULL_CONVERSION = YES;
				CLANG_WARN_OBJC_IMPLICIT_RETAIN_SELF = YES;
				CLANG_WARN_OBJC_LITERAL_CONVERSION = YES;
				CLANG_WARN_OBJC_ROOT_CLASS = YES_ERROR;
				CLANG_WARN_RANGE_LOOP_ANALYSIS = YES;
				CLANG_WARN_STRICT_PROTOTYPES = YES;
				CLANG_WARN_SUSPICIOUS_MOVE = YES;
				CLANG_WARN_UNGUARDED_AVAILABILITY = YES_AGGRESSIVE;
				CLANG_WARN_UNREACHABLE_CODE = YES;
				CLANG_WARN__DUPLICATE_METHOD_MATCH = YES;
				COPY_PHASE_STRIP = NO;
				DEBUG_INFORMATION_FORMAT = "dwarf-with-dsym";
				ENABLE_NS_ASSERTIONS = NO;
				ENABLE_STRICT_OBJC_MSGSEND = YES;
				GCC_C_LANGUAGE_STANDARD = gnu11;
				GCC_NO_COMMON_BLOCKS = YES;
				GCC_WARN_64_TO_32_BIT_CONVERSION = YES;
				GCC_WARN_ABOUT_RETURN_TYPE = YES_ERROR;
				GCC_WARN_UNDECLARED_SELECTOR = YES;
				GCC_WARN_UNINITIALIZED_AUTOS = YES_AGGRESSIVE;
				GCC_WARN_UNUSED_FUNCTION = YES;
				GCC_WARN_UNUSED_VARIABLE = YES;
				IPHONEOS_DEPLOYMENT_TARGET = 13.2;
				MTL_ENABLE_DEBUG_INFO = NO;
				MTL_FAST_MATH = YES;
				SDKROOT = iphoneos;
				SWIFT_COMPILATION_MODE = wholemodule;
				SWIFT_OPTIMIZATION_LEVEL = "-O";
				VALIDATE_PRODUCT = YES;
			};
			name = Release;
		};
		A5E45BC3250BCCE20016F178 /* Debug */ = {
			isa = XCBuildConfiguration;
			baseConfigurationReference = DBA626C11AF067D39ED3A612 /* Pods-PreloadPageViewApproachDemo.debug.xcconfig */;
			buildSettings = {
				ASSETCATALOG_COMPILER_APPICON_NAME = AppIcon;
				CODE_SIGN_STYLE = Automatic;
				DEVELOPMENT_TEAM = 9RRJGR8P4P;
				INFOPLIST_FILE = PreloadPageViewApproachDemo/Info.plist;
				LD_RUNPATH_SEARCH_PATHS = (
					"$(inherited)",
					"@executable_path/Frameworks",
				);
				PRODUCT_BUNDLE_IDENTIFIER = com.joshua.chang.PreloadPageViewApproachDemo;
				PRODUCT_NAME = "$(TARGET_NAME)";
				SWIFT_VERSION = 5.0;
				TARGETED_DEVICE_FAMILY = "1,2";
			};
			name = Debug;
		};
		A5E45BC4250BCCE20016F178 /* Release */ = {
			isa = XCBuildConfiguration;
			baseConfigurationReference = 1947B21BEDC3996DFF9EACF7 /* Pods-PreloadPageViewApproachDemo.release.xcconfig */;
			buildSettings = {
				ASSETCATALOG_COMPILER_APPICON_NAME = AppIcon;
				CODE_SIGN_STYLE = Automatic;
				DEVELOPMENT_TEAM = 9RRJGR8P4P;
				INFOPLIST_FILE = PreloadPageViewApproachDemo/Info.plist;
				LD_RUNPATH_SEARCH_PATHS = (
					"$(inherited)",
					"@executable_path/Frameworks",
				);
				PRODUCT_BUNDLE_IDENTIFIER = com.joshua.chang.PreloadPageViewApproachDemo;
				PRODUCT_NAME = "$(TARGET_NAME)";
				SWIFT_VERSION = 5.0;
				TARGETED_DEVICE_FAMILY = "1,2";
			};
			name = Release;
		};
/* End XCBuildConfiguration section */

/* Begin XCConfigurationList section */
		A5E45BA9250BCCE00016F178 /* Build configuration list for PBXProject "PreloadPageViewApproachDemo" */ = {
			isa = XCConfigurationList;
			buildConfigurations = (
				A5E45BC0250BCCE20016F178 /* Debug */,
				A5E45BC1250BCCE20016F178 /* Release */,
			);
			defaultConfigurationIsVisible = 0;
			defaultConfigurationName = Release;
		};
		A5E45BC2250BCCE20016F178 /* Build configuration list for PBXNativeTarget "PreloadPageViewApproachDemo" */ = {
			isa = XCConfigurationList;
			buildConfigurations = (
				A5E45BC3250BCCE20016F178 /* Debug */,
				A5E45BC4250BCCE20016F178 /* Release */,
			);
			defaultConfigurationIsVisible = 0;
			defaultConfigurationName = Release;
		};
/* End XCConfigurationList section */
	};
	rootObject = A5E45BA6250BCCE00016F178 /* Project object */;
}
